// !$*UTF8*$!
{
	archiveVersion = 1;
	classes = {
	};
	objectVersion = 50;
	objects = {

/* Begin PBXBuildFile section */
		D9EF849025CD8EEC00FD9442 /* AppDelegate.m in Sources */ = {isa = PBXBuildFile; fileRef = D9EF848F25CD8EEC00FD9442 /* AppDelegate.m */; };
		D9EF849325CD8EEC00FD9442 /* ViewController.m in Sources */ = {isa = PBXBuildFile; fileRef = D9EF849225CD8EEC00FD9442 /* ViewController.m */; };
		D9EF849525CD8EEE00FD9442 /* Assets.xcassets in Resources */ = {isa = PBXBuildFile; fileRef = D9EF849425CD8EEE00FD9442 /* Assets.xcassets */; };
		D9EF849825CD8EEE00FD9442 /* Main.storyboard in Resources */ = {isa = PBXBuildFile; fileRef = D9EF849625CD8EEE00FD9442 /* Main.storyboard */; };
		D9EF849B25CD8EEE00FD9442 /* main.m in Sources */ = {isa = PBXBuildFile; fileRef = D9EF849A25CD8EEE00FD9442 /* main.m */; };
		D9EF84A725CD975D00FD9442 /* IDAppPackageHandler.m in Sources */ = {isa = PBXBuildFile; fileRef = D9EF84A625CD975D00FD9442 /* IDAppPackageHandler.m */; };
		D9EF84AC25CD977B00FD9442 /* IDProvisioningProfile.m in Sources */ = {isa = PBXBuildFile; fileRef = D9EF84AB25CD977B00FD9442 /* IDProvisioningProfile.m */; };
		D9EF84B725CD979100FD9442 /* IDManualQueue.m in Sources */ = {isa = PBXBuildFile; fileRef = D9EF84AF25CD979000FD9442 /* IDManualQueue.m */; };
		D9EF84B825CD979100FD9442 /* IDDateFormatterUtil.m in Sources */ = {isa = PBXBuildFile; fileRef = D9EF84B025CD979000FD9442 /* IDDateFormatterUtil.m */; };
		D9EF84B925CD979100FD9442 /* IDFileHelper.m in Sources */ = {isa = PBXBuildFile; fileRef = D9EF84B425CD979100FD9442 /* IDFileHelper.m */; };
		D9EF84BA25CD979100FD9442 /* IDRunLoop.m in Sources */ = {isa = PBXBuildFile; fileRef = D9EF84B525CD979100FD9442 /* IDRunLoop.m */; };
/* End PBXBuildFile section */

/* Begin PBXFileReference section */
		D9EF848B25CD8EEC00FD9442 /* iResign.app */ = {isa = PBXFileReference; explicitFileType = wrapper.application; includeInIndex = 0; path = iResign.app; sourceTree = BUILT_PRODUCTS_DIR; };
		D9EF848E25CD8EEC00FD9442 /* AppDelegate.h */ = {isa = PBXFileReference; lastKnownFileType = sourcecode.c.h; path = AppDelegate.h; sourceTree = "<group>"; };
		D9EF848F25CD8EEC00FD9442 /* AppDelegate.m */ = {isa = PBXFileReference; lastKnownFileType = sourcecode.c.objc; path = AppDelegate.m; sourceTree = "<group>"; };
		D9EF849125CD8EEC00FD9442 /* ViewController.h */ = {isa = PBXFileReference; lastKnownFileType = sourcecode.c.h; path = ViewController.h; sourceTree = "<group>"; };
		D9EF849225CD8EEC00FD9442 /* ViewController.m */ = {isa = PBXFileReference; lastKnownFileType = sourcecode.c.objc; path = ViewController.m; sourceTree = "<group>"; };
		D9EF849425CD8EEE00FD9442 /* Assets.xcassets */ = {isa = PBXFileReference; lastKnownFileType = folder.assetcatalog; path = Assets.xcassets; sourceTree = "<group>"; };
		D9EF849725CD8EEE00FD9442 /* Base */ = {isa = PBXFileReference; lastKnownFileType = file.storyboard; name = Base; path = Base.lproj/Main.storyboard; sourceTree = "<group>"; };
		D9EF849925CD8EEE00FD9442 /* Info.plist */ = {isa = PBXFileReference; lastKnownFileType = text.plist.xml; path = Info.plist; sourceTree = "<group>"; };
		D9EF849A25CD8EEE00FD9442 /* main.m */ = {isa = PBXFileReference; lastKnownFileType = sourcecode.c.objc; path = main.m; sourceTree = "<group>"; };
		D9EF849C25CD8EEE00FD9442 /* iResign.entitlements */ = {isa = PBXFileReference; lastKnownFileType = text.plist.entitlements; path = iResign.entitlements; sourceTree = "<group>"; };
		D9EF84A525CD975D00FD9442 /* IDAppPackageHandler.h */ = {isa = PBXFileReference; fileEncoding = 4; lastKnownFileType = sourcecode.c.h; path = IDAppPackageHandler.h; sourceTree = "<group>"; };
		D9EF84A625CD975D00FD9442 /* IDAppPackageHandler.m */ = {isa = PBXFileReference; fileEncoding = 4; lastKnownFileType = sourcecode.c.objc; path = IDAppPackageHandler.m; sourceTree = "<group>"; };
		D9EF84AA25CD977A00FD9442 /* IDProvisioningProfile.h */ = {isa = PBXFileReference; fileEncoding = 4; lastKnownFileType = sourcecode.c.h; path = IDProvisioningProfile.h; sourceTree = "<group>"; };
		D9EF84AB25CD977B00FD9442 /* IDProvisioningProfile.m */ = {isa = PBXFileReference; fileEncoding = 4; lastKnownFileType = sourcecode.c.objc; path = IDProvisioningProfile.m; sourceTree = "<group>"; };
		D9EF84AF25CD979000FD9442 /* IDManualQueue.m */ = {isa = PBXFileReference; fileEncoding = 4; lastKnownFileType = sourcecode.c.objc; path = IDManualQueue.m; sourceTree = "<group>"; };
		D9EF84B025CD979000FD9442 /* IDDateFormatterUtil.m */ = {isa = PBXFileReference; fileEncoding = 4; lastKnownFileType = sourcecode.c.objc; path = IDDateFormatterUtil.m; sourceTree = "<group>"; };
		D9EF84B125CD979100FD9442 /* IDDateFormatterUtil.h */ = {isa = PBXFileReference; fileEncoding = 4; lastKnownFileType = sourcecode.c.h; path = IDDateFormatterUtil.h; sourceTree = "<group>"; };
		D9EF84B225CD979100FD9442 /* IDRunLoop.h */ = {isa = PBXFileReference; fileEncoding = 4; lastKnownFileType = sourcecode.c.h; path = IDRunLoop.h; sourceTree = "<group>"; };
		D9EF84B325CD979100FD9442 /* IDFileHelper.h */ = {isa = PBXFileReference; fileEncoding = 4; lastKnownFileType = sourcecode.c.h; path = IDFileHelper.h; sourceTree = "<group>"; };
		D9EF84B425CD979100FD9442 /* IDFileHelper.m */ = {isa = PBXFileReference; fileEncoding = 4; lastKnownFileType = sourcecode.c.objc; path = IDFileHelper.m; sourceTree = "<group>"; };
		D9EF84B525CD979100FD9442 /* IDRunLoop.m */ = {isa = PBXFileReference; fileEncoding = 4; lastKnownFileType = sourcecode.c.objc; path = IDRunLoop.m; sourceTree = "<group>"; };
		D9EF84B625CD979100FD9442 /* IDManualQueue.h */ = {isa = PBXFileReference; fileEncoding = 4; lastKnownFileType = sourcecode.c.h; path = IDManualQueue.h; sourceTree = "<group>"; };
/* End PBXFileReference section */

/* Begin PBXFrameworksBuildPhase section */
		D9EF848825CD8EEC00FD9442 /* Frameworks */ = {
			isa = PBXFrameworksBuildPhase;
			buildActionMask = 2147483647;
			files = (
			);
			runOnlyForDeploymentPostprocessing = 0;
		};
/* End PBXFrameworksBuildPhase section */

/* Begin PBXGroup section */
		D9EF848225CD8EEC00FD9442 = {
			isa = PBXGroup;
			children = (
				D9EF848D25CD8EEC00FD9442 /* iResign */,
				D9EF848C25CD8EEC00FD9442 /* Products */,
			);
			sourceTree = "<group>";
		};
		D9EF848C25CD8EEC00FD9442 /* Products */ = {
			isa = PBXGroup;
			children = (
				D9EF848B25CD8EEC00FD9442 /* iResign.app */,
			);
			name = Products;
			sourceTree = "<group>";
		};
		D9EF848D25CD8EEC00FD9442 /* iResign */ = {
			isa = PBXGroup;
			children = (
				D9EF84AE25CD978300FD9442 /* Util */,
				D9EF84A925CD976E00FD9442 /* Entity */,
				D9EF84A425CD974400FD9442 /* Factory */,
				D9EF848E25CD8EEC00FD9442 /* AppDelegate.h */,
				D9EF848F25CD8EEC00FD9442 /* AppDelegate.m */,
				D9EF849125CD8EEC00FD9442 /* ViewController.h */,
				D9EF849225CD8EEC00FD9442 /* ViewController.m */,
				D9EF849425CD8EEE00FD9442 /* Assets.xcassets */,
				D9EF849625CD8EEE00FD9442 /* Main.storyboard */,
				D9EF849925CD8EEE00FD9442 /* Info.plist */,
				D9EF849A25CD8EEE00FD9442 /* main.m */,
				D9EF849C25CD8EEE00FD9442 /* iResign.entitlements */,
			);
			path = iResign;
			sourceTree = "<group>";
		};
		D9EF84A425CD974400FD9442 /* Factory */ = {
			isa = PBXGroup;
			children = (
				D9EF84A525CD975D00FD9442 /* IDAppPackageHandler.h */,
				D9EF84A625CD975D00FD9442 /* IDAppPackageHandler.m */,
			);
			path = Factory;
			sourceTree = "<group>";
		};
		D9EF84A925CD976E00FD9442 /* Entity */ = {
			isa = PBXGroup;
			children = (
				D9EF84AA25CD977A00FD9442 /* IDProvisioningProfile.h */,
				D9EF84AB25CD977B00FD9442 /* IDProvisioningProfile.m */,
			);
			path = Entity;
			sourceTree = "<group>";
		};
		D9EF84AE25CD978300FD9442 /* Util */ = {
			isa = PBXGroup;
			children = (
				D9EF84B125CD979100FD9442 /* IDDateFormatterUtil.h */,
				D9EF84B025CD979000FD9442 /* IDDateFormatterUtil.m */,
				D9EF84B325CD979100FD9442 /* IDFileHelper.h */,
				D9EF84B425CD979100FD9442 /* IDFileHelper.m */,
				D9EF84B625CD979100FD9442 /* IDManualQueue.h */,
				D9EF84AF25CD979000FD9442 /* IDManualQueue.m */,
				D9EF84B225CD979100FD9442 /* IDRunLoop.h */,
				D9EF84B525CD979100FD9442 /* IDRunLoop.m */,
			);
			path = Util;
			sourceTree = "<group>";
		};
/* End PBXGroup section */

/* Begin PBXNativeTarget section */
		D9EF848A25CD8EEC00FD9442 /* iResign */ = {
			isa = PBXNativeTarget;
			buildConfigurationList = D9EF849F25CD8EEE00FD9442 /* Build configuration list for PBXNativeTarget "iResign" */;
			buildPhases = (
				D9EF848725CD8EEC00FD9442 /* Sources */,
				D9EF848825CD8EEC00FD9442 /* Frameworks */,
				D9EF848925CD8EEC00FD9442 /* Resources */,
			);
			buildRules = (
			);
			dependencies = (
			);
			name = iResign;
			productName = iResign;
			productReference = D9EF848B25CD8EEC00FD9442 /* iResign.app */;
			productType = "com.apple.product-type.application";
		};
/* End PBXNativeTarget section */

/* Begin PBXProject section */
		D9EF848325CD8EEC00FD9442 /* Project object */ = {
			isa = PBXProject;
			attributes = {
				LastUpgradeCheck = 1230;
				TargetAttributes = {
					D9EF848A25CD8EEC00FD9442 = {
						CreatedOnToolsVersion = 12.3;
					};
				};
			};
			buildConfigurationList = D9EF848625CD8EEC00FD9442 /* Build configuration list for PBXProject "iResign" */;
			compatibilityVersion = "Xcode 9.3";
			developmentRegion = en;
			hasScannedForEncodings = 0;
			knownRegions = (
				en,
				Base,
			);
			mainGroup = D9EF848225CD8EEC00FD9442;
			productRefGroup = D9EF848C25CD8EEC00FD9442 /* Products */;
			projectDirPath = "";
			projectRoot = "";
			targets = (
				D9EF848A25CD8EEC00FD9442 /* iResign */,
			);
		};
/* End PBXProject section */

/* Begin PBXResourcesBuildPhase section */
		D9EF848925CD8EEC00FD9442 /* Resources */ = {
			isa = PBXResourcesBuildPhase;
			buildActionMask = 2147483647;
			files = (
				D9EF849525CD8EEE00FD9442 /* Assets.xcassets in Resources */,
				D9EF849825CD8EEE00FD9442 /* Main.storyboard in Resources */,
			);
			runOnlyForDeploymentPostprocessing = 0;
		};
/* End PBXResourcesBuildPhase section */

/* Begin PBXSourcesBuildPhase section */
		D9EF848725CD8EEC00FD9442 /* Sources */ = {
			isa = PBXSourcesBuildPhase;
			buildActionMask = 2147483647;
			files = (
				D9EF84B725CD979100FD9442 /* IDManualQueue.m in Sources */,
				D9EF84AC25CD977B00FD9442 /* IDProvisioningProfile.m in Sources */,
				D9EF84A725CD975D00FD9442 /* IDAppPackageHandler.m in Sources */,
				D9EF849325CD8EEC00FD9442 /* ViewController.m in Sources */,
				D9EF84BA25CD979100FD9442 /* IDRunLoop.m in Sources */,
				D9EF84B825CD979100FD9442 /* IDDateFormatterUtil.m in Sources */,
				D9EF849B25CD8EEE00FD9442 /* main.m in Sources */,
				D9EF84B925CD979100FD9442 /* IDFileHelper.m in Sources */,
				D9EF849025CD8EEC00FD9442 /* AppDelegate.m in Sources */,
			);
			runOnlyForDeploymentPostprocessing = 0;
		};
/* End PBXSourcesBuildPhase section */

/* Begin PBXVariantGroup section */
		D9EF849625CD8EEE00FD9442 /* Main.storyboard */ = {
			isa = PBXVariantGroup;
			children = (
				D9EF849725CD8EEE00FD9442 /* Base */,
			);
			name = Main.storyboard;
			sourceTree = "<group>";
		};
/* End PBXVariantGroup section */

/* Begin XCBuildConfiguration section */
		D9EF849D25CD8EEE00FD9442 /* Debug */ = {
			isa = XCBuildConfiguration;
			buildSettings = {
				ALWAYS_SEARCH_USER_PATHS = NO;
				CLANG_ANALYZER_NONNULL = YES;
				CLANG_ANALYZER_NUMBER_OBJECT_CONVERSION = YES_AGGRESSIVE;
				CLANG_CXX_LANGUAGE_STANDARD = "gnu++14";
				CLANG_CXX_LIBRARY = "libc++";
				CLANG_ENABLE_MODULES = YES;
				CLANG_ENABLE_OBJC_ARC = YES;
				CLANG_ENABLE_OBJC_WEAK = YES;
				CLANG_WARN_BLOCK_CAPTURE_AUTORELEASING = YES;
				CLANG_WARN_BOOL_CONVERSION = YES;
				CLANG_WARN_COMMA = YES;
				CLANG_WARN_CONSTANT_CONVERSION = YES;
				CLANG_WARN_DEPRECATED_OBJC_IMPLEMENTATIONS = YES;
				CLANG_WARN_DIRECT_OBJC_ISA_USAGE = YES_ERROR;
				CLANG_WARN_DOCUMENTATION_COMMENTS = YES;
				CLANG_WARN_EMPTY_BODY = YES;
				CLANG_WARN_ENUM_CONVERSION = YES;
				CLANG_WARN_INFINITE_RECURSION = YES;
				CLANG_WARN_INT_CONVERSION = YES;
				CLANG_WARN_NON_LITERAL_NULL_CONVERSION = YES;
				CLANG_WARN_OBJC_IMPLICIT_RETAIN_SELF = YES;
				CLANG_WARN_OBJC_LITERAL_CONVERSION = YES;
				CLANG_WARN_OBJC_ROOT_CLASS = YES_ERROR;
				CLANG_WARN_QUOTED_INCLUDE_IN_FRAMEWORK_HEADER = YES;
				CLANG_WARN_RANGE_LOOP_ANALYSIS = YES;
				CLANG_WARN_STRICT_PROTOTYPES = YES;
				CLANG_WARN_SUSPICIOUS_MOVE = YES;
				CLANG_WARN_UNGUARDED_AVAILABILITY = YES_AGGRESSIVE;
				CLANG_WARN_UNREACHABLE_CODE = YES;
				CLANG_WARN__DUPLICATE_METHOD_MATCH = YES;
				COPY_PHASE_STRIP = NO;
				DEBUG_INFORMATION_FORMAT = dwarf;
				ENABLE_STRICT_OBJC_MSGSEND = YES;
				ENABLE_TESTABILITY = YES;
				GCC_C_LANGUAGE_STANDARD = gnu11;
				GCC_DYNAMIC_NO_PIC = NO;
				GCC_NO_COMMON_BLOCKS = YES;
				GCC_OPTIMIZATION_LEVEL = 0;
				GCC_PREPROCESSOR_DEFINITIONS = (
					"DEBUG=1",
					"$(inherited)",
				);
				GCC_WARN_64_TO_32_BIT_CONVERSION = YES;
				GCC_WARN_ABOUT_RETURN_TYPE = YES_ERROR;
				GCC_WARN_UNDECLARED_SELECTOR = YES;
				GCC_WARN_UNINITIALIZED_AUTOS = YES_AGGRESSIVE;
				GCC_WARN_UNUSED_FUNCTION = YES;
				GCC_WARN_UNUSED_VARIABLE = YES;
				MACOSX_DEPLOYMENT_TARGET = 10.11;
				MTL_ENABLE_DEBUG_INFO = INCLUDE_SOURCE;
				MTL_FAST_MATH = YES;
				ONLY_ACTIVE_ARCH = YES;
				SDKROOT = macosx;
			};
			name = Debug;
		};
		D9EF849E25CD8EEE00FD9442 /* Release */ = {
			isa = XCBuildConfiguration;
			buildSettings = {
				ALWAYS_SEARCH_USER_PATHS = NO;
				CLANG_ANALYZER_NONNULL = YES;
				CLANG_ANALYZER_NUMBER_OBJECT_CONVERSION = YES_AGGRESSIVE;
				CLANG_CXX_LANGUAGE_STANDARD = "gnu++14";
				CLANG_CXX_LIBRARY = "libc++";
				CLANG_ENABLE_MODULES = YES;
				CLANG_ENABLE_OBJC_ARC = YES;
				CLANG_ENABLE_OBJC_WEAK = YES;
				CLANG_WARN_BLOCK_CAPTURE_AUTORELEASING = YES;
				CLANG_WARN_BOOL_CONVERSION = YES;
				CLANG_WARN_COMMA = YES;
				CLANG_WARN_CONSTANT_CONVERSION = YES;
				CLANG_WARN_DEPRECATED_OBJC_IMPLEMENTATIONS = YES;
				CLANG_WARN_DIRECT_OBJC_ISA_USAGE = YES_ERROR;
				CLANG_WARN_DOCUMENTATION_COMMENTS = YES;
				CLANG_WARN_EMPTY_BODY = YES;
				CLANG_WARN_ENUM_CONVERSION = YES;
				CLANG_WARN_INFINITE_RECURSION = YES;
				CLANG_WARN_INT_CONVERSION = YES;
				CLANG_WARN_NON_LITERAL_NULL_CONVERSION = YES;
				CLANG_WARN_OBJC_IMPLICIT_RETAIN_SELF = YES;
				CLANG_WARN_OBJC_LITERAL_CONVERSION = YES;
				CLANG_WARN_OBJC_ROOT_CLASS = YES_ERROR;
				CLANG_WARN_QUOTED_INCLUDE_IN_FRAMEWORK_HEADER = YES;
				CLANG_WARN_RANGE_LOOP_ANALYSIS = YES;
				CLANG_WARN_STRICT_PROTOTYPES = YES;
				CLANG_WARN_SUSPICIOUS_MOVE = YES;
				CLANG_WARN_UNGUARDED_AVAILABILITY = YES_AGGRESSIVE;
				CLANG_WARN_UNREACHABLE_CODE = YES;
				CLANG_WARN__DUPLICATE_METHOD_MATCH = YES;
				COPY_PHASE_STRIP = NO;
				DEBUG_INFORMATION_FORMAT = "dwarf-with-dsym";
				ENABLE_NS_ASSERTIONS = NO;
				ENABLE_STRICT_OBJC_MSGSEND = YES;
				GCC_C_LANGUAGE_STANDARD = gnu11;
				GCC_NO_COMMON_BLOCKS = YES;
				GCC_WARN_64_TO_32_BIT_CONVERSION = YES;
				GCC_WARN_ABOUT_RETURN_TYPE = YES_ERROR;
				GCC_WARN_UNDECLARED_SELECTOR = YES;
				GCC_WARN_UNINITIALIZED_AUTOS = YES_AGGRESSIVE;
				GCC_WARN_UNUSED_FUNCTION = YES;
				GCC_WARN_UNUSED_VARIABLE = YES;
				MACOSX_DEPLOYMENT_TARGET = 10.11;
				MTL_ENABLE_DEBUG_INFO = NO;
				MTL_FAST_MATH = YES;
				SDKROOT = macosx;
			};
			name = Release;
		};
		D9EF84A025CD8EEE00FD9442 /* Debug */ = {
			isa = XCBuildConfiguration;
			buildSettings = {
				ASSETCATALOG_COMPILER_APPICON_NAME = AppIcon;
				ASSETCATALOG_COMPILER_GLOBAL_ACCENT_COLOR_NAME = AccentColor;
				CODE_SIGN_ENTITLEMENTS = iResign/iResign.entitlements;
				CODE_SIGN_IDENTITY = "-";
				CODE_SIGN_STYLE = Manual;
				COMBINE_HIDPI_IMAGES = YES;
				DEVELOPMENT_TEAM = "";
				ENABLE_HARDENED_RUNTIME = YES;
				INFOPLIST_FILE = iResign/Info.plist;
				LD_RUNPATH_SEARCH_PATHS = (
					"$(inherited)",
					"@executable_path/../Frameworks",
				);
				PRODUCT_BUNDLE_IDENTIFIER = io.lwx.iResign;
				PRODUCT_NAME = "$(TARGET_NAME)";
				PROVISIONING_PROFILE_SPECIFIER = "";
			};
			name = Debug;
		};
		D9EF84A125CD8EEE00FD9442 /* Release */ = {
			isa = XCBuildConfiguration;
			buildSettings = {
				ASSETCATALOG_COMPILER_APPICON_NAME = AppIcon;
				ASSETCATALOG_COMPILER_GLOBAL_ACCENT_COLOR_NAME = AccentColor;
				CODE_SIGN_ENTITLEMENTS = iResign/iResign.entitlements;
				CODE_SIGN_IDENTITY = "-";
				CODE_SIGN_STYLE = Manual;
				COMBINE_HIDPI_IMAGES = YES;
				DEVELOPMENT_TEAM = "";
				ENABLE_HARDENED_RUNTIME = YES;
				INFOPLIST_FILE = iResign/Info.plist;
				LD_RUNPATH_SEARCH_PATHS = (
					"$(inherited)",
					"@executable_path/../Frameworks",
				);
				PRODUCT_BUNDLE_IDENTIFIER = io.lwx.iResign;
				PRODUCT_NAME = "$(TARGET_NAME)";
				PROVISIONING_PROFILE_SPECIFIER = "";
			};
			name = Release;
		};
/* End XCBuildConfiguration section */

/* Begin XCConfigurationList section */
		D9EF848625CD8EEC00FD9442 /* Build configuration list for PBXProject "iResign" */ = {
			isa = XCConfigurationList;
			buildConfigurations = (
				D9EF849D25CD8EEE00FD9442 /* Debug */,
				D9EF849E25CD8EEE00FD9442 /* Release */,
			);
			defaultConfigurationIsVisible = 0;
			defaultConfigurationName = Release;
		};
		D9EF849F25CD8EEE00FD9442 /* Build configuration list for PBXNativeTarget "iResign" */ = {
			isa = XCConfigurationList;
			buildConfigurations = (
				D9EF84A025CD8EEE00FD9442 /* Debug */,
				D9EF84A125CD8EEE00FD9442 /* Release */,
			);
			defaultConfigurationIsVisible = 0;
			defaultConfigurationName = Release;
		};
/* End XCConfigurationList section */
	};
	rootObject = D9EF848325CD8EEC00FD9442 /* Project object */;
}
